
Microsoft Visual Studio Solution File, Format Version 12.00
# Visual Studio Version 17
VisualStudioVersion = 17.14.37203.1
MinimumVisualStudioVersion = 10.0.40219.1
Project("{9A19103F-16F7-4668-BE54-9A1E7A4F7556}") = "DocumentStorageWebApi", "DocumentStorageWebApi\DocumentStorageWebApi.csproj", "{2FC751C5-9C20-49FD-A9C7-369E4227C6AD}"
EndProject
Project("{9A19103F-16F7-4668-BE54-9A1E7A4F7556}") = "Contracts", "Contracts\Contracts.csproj", "{39A266B6-CCA3-4C29-9367-1A76AA236B5D}"
EndProject
Project("{9A19103F-16F7-4668-BE54-9A1E7A4F7556}") = "Domain", "Domain\Domain.csproj", "{9838AB19-95B7-4AC6-B719-03C75D057D42}"
EndProject
Project("{9A19103F-16F7-4668-BE54-9A1E7A4F7556}") = "Repository", "Repository\Repository.csproj", "{A40902D9-B479-4BA1-BBC2-7F5A3092463A}"
EndProject
Project("{9A19103F-16F7-4668-BE54-9A1E7A4F7556}") = "DTO", "DTO\DTO.csproj", "{0DFEF64E-C314-4A6D-A892-A77BBB9D0FCD}"
EndProject
Project("{E53339B2-1760-4266-BCC7-CA923CBCF16C}") = "docker-compose", "docker-compose.dcproj", "{8695A8C0-3F48-44FA-9EF1-D40B16DE8BCD}"
EndProject
Project("{FAE04EC0-301F-11D3-BF4B-00C04F79EFBC}") = "Common", "Common\Common.csproj", "{EAFA6428-100F-4BEE-8866-9F958CA9F9D7}"
EndProject
Project("{FAE04EC0-301F-11D3-BF4B-00C04F79EFBC}") = "PdfService", "PdfService\PdfService.csproj", "{AF8391D4-F77C-443F-B3B5-7DDFA89F054A}"
EndProject
Project("{FAE04EC0-301F-11D3-BF4B-00C04F79EFBC}") = "BackgroundFileProcessor", "BackgroundFileProcessor\BackgroundFileProcessor.csproj", "{A464EED4-A581-4861-B22D-4F344C7C2A1A}"
EndProject
Project("{FAE04EC0-301F-11D3-BF4B-00C04F79EFBC}") = "RabbitMqService", "RabbitMqService\RabbitMqService.csproj", "{303E15E2-3550-4479-AB37-38187C473656}"
EndProject
Project("{FAE04EC0-301F-11D3-BF4B-00C04F79EFBC}") = "MappingProfiles", "MappingProfiles\MappingProfiles.csproj", "{7C3495E3-1D0A-4910-A928-5D96C4E3254A}"
EndProject
Global
	GlobalSection(SolutionConfigurationPlatforms) = preSolution
		Debug|Any CPU = Debug|Any CPU
		Release|Any CPU = Release|Any CPU
	EndGlobalSection
	GlobalSection(ProjectConfigurationPlatforms) = postSolution
		{2FC751C5-9C20-49FD-A9C7-369E4227C6AD}.Debug|Any CPU.ActiveCfg = Debug|Any CPU
		{2FC751C5-9C20-49FD-A9C7-369E4227C6AD}.Debug|Any CPU.Build.0 = Debug|Any CPU
		{2FC751C5-9C20-49FD-A9C7-369E4227C6AD}.Release|Any CPU.ActiveCfg = Release|Any CPU
		{2FC751C5-9C20-49FD-A9C7-369E4227C6AD}.Release|Any CPU.Build.0 = Release|Any CPU
		{39A266B6-CCA3-4C29-9367-1A76AA236B5D}.Debug|Any CPU.ActiveCfg = Debug|Any CPU
		{39A266B6-CCA3-4C29-9367-1A76AA236B5D}.Debug|Any CPU.Build.0 = Debug|Any CPU
		{39A266B6-CCA3-4C29-9367-1A76AA236B5D}.Release|Any CPU.ActiveCfg = Release|Any CPU
		{39A266B6-CCA3-4C29-9367-1A76AA236B5D}.Release|Any CPU.Build.0 = Release|Any CPU
		{9838AB19-95B7-4AC6-B719-03C75D057D42}.Debug|Any CPU.ActiveCfg = Debug|Any CPU
		{9838AB19-95B7-4AC6-B719-03C75D057D42}.Debug|Any CPU.Build.0 = Debug|Any CPU
		{9838AB19-95B7-4AC6-B719-03C75D057D42}.Release|Any CPU.ActiveCfg = Release|Any CPU
		{9838AB19-95B7-4AC6-B719-03C75D057D42}.Release|Any CPU.Build.0 = Release|Any CPU
		{A40902D9-B479-4BA1-BBC2-7F5A3092463A}.Debug|Any CPU.ActiveCfg = Debug|Any CPU
		{A40902D9-B479-4BA1-BBC2-7F5A3092463A}.Debug|Any CPU.Build.0 = Debug|Any CPU
		{A40902D9-B479-4BA1-BBC2-7F5A3092463A}.Release|Any CPU.ActiveCfg = Release|Any CPU
		{A40902D9-B479-4BA1-BBC2-7F5A3092463A}.Release|Any CPU.Build.0 = Release|Any CPU
		{0DFEF64E-C314-4A6D-A892-A77BBB9D0FCD}.Debug|Any CPU.ActiveCfg = Debug|Any CPU
		{0DFEF64E-C314-4A6D-A892-A77BBB9D0FCD}.Debug|Any CPU.Build.0 = Debug|Any CPU
		{0DFEF64E-C314-4A6D-A892-A77BBB9D0FCD}.Release|Any CPU.ActiveCfg = Release|Any CPU
		{0DFEF64E-C314-4A6D-A892-A77BBB9D0FCD}.Release|Any CPU.Build.0 = Release|Any CPU
		{8695A8C0-3F48-44FA-9EF1-D40B16DE8BCD}.Debug|Any CPU.ActiveCfg = Debug|Any CPU
		{8695A8C0-3F48-44FA-9EF1-D40B16DE8BCD}.Debug|Any CPU.Build.0 = Debug|Any CPU
		{8695A8C0-3F48-44FA-9EF1-D40B16DE8BCD}.Release|Any CPU.ActiveCfg = Release|Any CPU
		{8695A8C0-3F48-44FA-9EF1-D40B16DE8BCD}.Release|Any CPU.Build.0 = Release|Any CPU
		{EAFA6428-100F-4BEE-8866-9F958CA9F9D7}.Debug|Any CPU.ActiveCfg = Debug|Any CPU
		{EAFA6428-100F-4BEE-8866-9F958CA9F9D7}.Debug|Any CPU.Build.0 = Debug|Any CPU
		{EAFA6428-100F-4BEE-8866-9F958CA9F9D7}.Release|Any CPU.ActiveCfg = Release|Any CPU
		{EAFA6428-100F-4BEE-8866-9F958CA9F9D7}.Release|Any CPU.Build.0 = Release|Any CPU
		{AF8391D4-F77C-443F-B3B5-7DDFA89F054A}.Debug|Any CPU.ActiveCfg = Debug|Any CPU
		{AF8391D4-F77C-443F-B3B5-7DDFA89F054A}.Debug|Any CPU.Build.0 = Debug|Any CPU
		{AF8391D4-F77C-443F-B3B5-7DDFA89F054A}.Release|Any CPU.ActiveCfg = Release|Any CPU
		{AF8391D4-F77C-443F-B3B5-7DDFA89F054A}.Release|Any CPU.Build.0 = Release|Any CPU
		{A464EED4-A581-4861-B22D-4F344C7C2A1A}.Debug|Any CPU.ActiveCfg = Debug|Any CPU
		{A464EED4-A581-4861-B22D-4F344C7C2A1A}.Debug|Any CPU.Build.0 = Debug|Any CPU
		{A464EED4-A581-4861-B22D-4F344C7C2A1A}.Release|Any CPU.ActiveCfg = Release|Any CPU
		{A464EED4-A581-4861-B22D-4F344C7C2A1A}.Release|Any CPU.Build.0 = Release|Any CPU
		{303E15E2-3550-4479-AB37-38187C473656}.Debug|Any CPU.ActiveCfg = Debug|Any CPU
		{303E15E2-3550-4479-AB37-38187C473656}.Debug|Any CPU.Build.0 = Debug|Any CPU
		{303E15E2-3550-4479-AB37-38187C473656}.Release|Any CPU.ActiveCfg = Release|Any CPU
		{303E15E2-3550-4479-AB37-38187C473656}.Release|Any CPU.Build.0 = Release|Any CPU
		{7C3495E3-1D0A-4910-A928-5D96C4E3254A}.Debug|Any CPU.ActiveCfg = Debug|Any CPU
		{7C3495E3-1D0A-4910-A928-5D96C4E3254A}.Debug|Any CPU.Build.0 = Debug|Any CPU
		{7C3495E3-1D0A-4910-A928-5D96C4E3254A}.Release|Any CPU.ActiveCfg = Release|Any CPU
		{7C3495E3-1D0A-4910-A928-5D96C4E3254A}.Release|Any CPU.Build.0 = Release|Any CPU
	EndGlobalSection
	GlobalSection(SolutionProperties) = preSolution
		HideSolutionNode = FALSE
	EndGlobalSection
	GlobalSection(ExtensibilityGlobals) = postSolution
		SolutionGuid = {B81C31C0-3F48-44FA-9EF1-D40B16DE8BCD}
	EndGlobalSection
EndGlobal
